// !$*UTF8*$!
{
	archiveVersion = 1;
	classes = {
	};
	objectVersion = 46;
	objects = {

/* Begin PBXBuildFile section */
		2D00860B1AD4A41D000B9D89 /* actionicon.png in Resources */ = {isa = PBXBuildFile; fileRef = 2D00860A1AD4A41D000B9D89 /* actionicon.png */; };
		2D00860D1AD4A43C000B9D89 /* addcontact.png in Resources */ = {isa = PBXBuildFile; fileRef = 2D00860C1AD4A43C000B9D89 /* addcontact.png */; };
		2D00860F1AD4A459000B9D89 /* micicon.png in Resources */ = {isa = PBXBuildFile; fileRef = 2D00860E1AD4A459000B9D89 /* micicon.png */; };
		2D0086111AD4A472000B9D89 /* uploaf.png in Resources */ = {isa = PBXBuildFile; fileRef = 2D0086101AD4A472000B9D89 /* uploaf.png */; };
		2D0086411AD4BBF2000B9D89 /* Audio-Frequency-Icon.png in Resources */ = {isa = PBXBuildFile; fileRef = 2D0086401AD4BBF2000B9D89 /* Audio-Frequency-Icon.png */; };
		2DEA4EEF1ACF803200BA87F5 /* userplay.png in Resources */ = {isa = PBXBuildFile; fileRef = 2DEA4EEE1ACF803200BA87F5 /* userplay.png */; };
		2DFA71891ACB6297005E4DE3 /* AppDelegate.swift in Sources */ = {isa = PBXBuildFile; fileRef = 2DFA71881ACB6297005E4DE3 /* AppDelegate.swift */; };
		2DFA718B1ACB6297005E4DE3 /* ViewController.swift in Sources */ = {isa = PBXBuildFile; fileRef = 2DFA718A1ACB6297005E4DE3 /* ViewController.swift */; };
		2DFA718E1ACB6297005E4DE3 /* Main.storyboard in Resources */ = {isa = PBXBuildFile; fileRef = 2DFA718C1ACB6297005E4DE3 /* Main.storyboard */; };
		2DFA71901ACB6297005E4DE3 /* Images.xcassets in Resources */ = {isa = PBXBuildFile; fileRef = 2DFA718F1ACB6297005E4DE3 /* Images.xcassets */; };
		2DFA71931ACB6297005E4DE3 /* LaunchScreen.xib in Resources */ = {isa = PBXBuildFile; fileRef = 2DFA71911ACB6297005E4DE3 /* LaunchScreen.xib */; };
		2DFA719F1ACB6297005E4DE3 /* firstAppTests.swift in Sources */ = {isa = PBXBuildFile; fileRef = 2DFA719E1ACB6297005E4DE3 /* firstAppTests.swift */; };
/* End PBXBuildFile section */

/* Begin PBXContainerItemProxy section */
		2DFA71991ACB6297005E4DE3 /* PBXContainerItemProxy */ = {
			isa = PBXContainerItemProxy;
			containerPortal = 2DFA717B1ACB6297005E4DE3 /* Project object */;
			proxyType = 1;
			remoteGlobalIDString = 2DFA71821ACB6297005E4DE3;
			remoteInfo = firstApp;
		};
/* End PBXContainerItemProxy section */

/* Begin PBXFileReference section */
		2D00860A1AD4A41D000B9D89 /* actionicon.png */ = {isa = PBXFileReference; lastKnownFileType = image.png; path = actionicon.png; sourceTree = "<group>"; };
		2D00860C1AD4A43C000B9D89 /* addcontact.png */ = {isa = PBXFileReference; lastKnownFileType = image.png; path = addcontact.png; sourceTree = "<group>"; };
		2D00860E1AD4A459000B9D89 /* micicon.png */ = {isa = PBXFileReference; lastKnownFileType = image.png; path = micicon.png; sourceTree = "<group>"; };
		2D0086101AD4A472000B9D89 /* uploaf.png */ = {isa = PBXFileReference; lastKnownFileType = image.png; path = uploaf.png; sourceTree = "<group>"; };
		2D0086401AD4BBF2000B9D89 /* Audio-Frequency-Icon.png */ = {isa = PBXFileReference; lastKnownFileType = image.png; path = "Audio-Frequency-Icon.png"; sourceTree = "<group>"; };
		2DEA4EEE1ACF803200BA87F5 /* userplay.png */ = {isa = PBXFileReference; lastKnownFileType = image.png; path = userplay.png; sourceTree = "<group>"; };
		2DFA71831ACB6297005E4DE3 /* firstApp.app */ = {isa = PBXFileReference; explicitFileType = wrapper.application; includeInIndex = 0; path = firstApp.app; sourceTree = BUILT_PRODUCTS_DIR; };
		2DFA71871ACB6297005E4DE3 /* Info.plist */ = {isa = PBXFileReference; lastKnownFileType = text.plist.xml; path = Info.plist; sourceTree = "<group>"; };
		2DFA71881ACB6297005E4DE3 /* AppDelegate.swift */ = {isa = PBXFileReference; lastKnownFileType = sourcecode.swift; path = AppDelegate.swift; sourceTree = "<group>"; };
		2DFA718A1ACB6297005E4DE3 /* ViewController.swift */ = {isa = PBXFileReference; lastKnownFileType = sourcecode.swift; path = ViewController.swift; sourceTree = "<group>"; };
		2DFA718D1ACB6297005E4DE3 /* Base */ = {isa = PBXFileReference; lastKnownFileType = file.storyboard; name = Base; path = Base.lproj/Main.storyboard; sourceTree = "<group>"; };
		2DFA718F1ACB6297005E4DE3 /* Images.xcassets */ = {isa = PBXFileReference; lastKnownFileType = folder.assetcatalog; path = Images.xcassets; sourceTree = "<group>"; };
		2DFA71921ACB6297005E4DE3 /* Base */ = {isa = PBXFileReference; lastKnownFileType = file.xib; name = Base; path = Base.lproj/LaunchScreen.xib; sourceTree = "<group>"; };
		2DFA71981ACB6297005E4DE3 /* firstAppTests.xctest */ = {isa = PBXFileReference; explicitFileType = wrapper.cfbundle; includeInIndex = 0; path = firstAppTests.xctest; sourceTree = BUILT_PRODUCTS_DIR; };
		2DFA719D1ACB6297005E4DE3 /* Info.plist */ = {isa = PBXFileReference; lastKnownFileType = text.plist.xml; path = Info.plist; sourceTree = "<group>"; };
		2DFA719E1ACB6297005E4DE3 /* firstAppTests.swift */ = {isa = PBXFileReference; lastKnownFileType = sourcecode.swift; path = firstAppTests.swift; sourceTree = "<group>"; };
/* End PBXFileReference section */

/* Begin PBXFrameworksBuildPhase section */
		2DFA71801ACB6297005E4DE3 /* Frameworks */ = {
			isa = PBXFrameworksBuildPhase;
			buildActionMask = 2147483647;
			files = (
			);
			runOnlyForDeploymentPostprocessing = 0;
		};
		2DFA71951ACB6297005E4DE3 /* Frameworks */ = {
			isa = PBXFrameworksBuildPhase;
			buildActionMask = 2147483647;
			files = (
			);
			runOnlyForDeploymentPostprocessing = 0;
		};
/* End PBXFrameworksBuildPhase section */

/* Begin PBXGroup section */
		2DFA717A1ACB6297005E4DE3 = {
			isa = PBXGroup;
			children = (
				2DFA71851ACB6297005E4DE3 /* firstApp */,
				2DFA719B1ACB6297005E4DE3 /* firstAppTests */,
				2DFA71841ACB6297005E4DE3 /* Products */,
			);
			sourceTree = "<group>";
		};
		2DFA71841ACB6297005E4DE3 /* Products */ = {
			isa = PBXGroup;
			children = (
				2DFA71831ACB6297005E4DE3 /* firstApp.app */,
				2DFA71981ACB6297005E4DE3 /* firstAppTests.xctest */,
			);
			name = Products;
			sourceTree = "<group>";
		};
		2DFA71851ACB6297005E4DE3 /* firstApp */ = {
			isa = PBXGroup;
			children = (
				2DFA71881ACB6297005E4DE3 /* AppDelegate.swift */,
				2DFA718A1ACB6297005E4DE3 /* ViewController.swift */,
				2DFA718C1ACB6297005E4DE3 /* Main.storyboard */,
				2DFA718F1ACB6297005E4DE3 /* Images.xcassets */,
				2DFA71911ACB6297005E4DE3 /* LaunchScreen.xib */,
				2DFA71861ACB6297005E4DE3 /* Supporting Files */,
			);
			path = firstApp;
			sourceTree = "<group>";
		};
		2DFA71861ACB6297005E4DE3 /* Supporting Files */ = {
			isa = PBXGroup;
			children = (
				2D0086101AD4A472000B9D89 /* uploaf.png */,
				2D0086401AD4BBF2000B9D89 /* Audio-Frequency-Icon.png */,
				2D00860A1AD4A41D000B9D89 /* actionicon.png */,
				2D00860E1AD4A459000B9D89 /* micicon.png */,
				2D00860C1AD4A43C000B9D89 /* addcontact.png */,
				2DEA4EEE1ACF803200BA87F5 /* userplay.png */,
				2DFA71871ACB6297005E4DE3 /* Info.plist */,
			);
			name = "Supporting Files";
			sourceTree = "<group>";
		};
		2DFA719B1ACB6297005E4DE3 /* firstAppTests */ = {
			isa = PBXGroup;
			children = (
				2DFA719E1ACB6297005E4DE3 /* firstAppTests.swift */,
				2DFA719C1ACB6297005E4DE3 /* Supporting Files */,
			);
			path = firstAppTests;
			sourceTree = "<group>";
		};
		2DFA719C1ACB6297005E4DE3 /* Supporting Files */ = {
			isa = PBXGroup;
			children = (
				2DFA719D1ACB6297005E4DE3 /* Info.plist */,
			);
			name = "Supporting Files";
			sourceTree = "<group>";
		};
/* End PBXGroup section */

/* Begin PBXNativeTarget section */
		2DFA71821ACB6297005E4DE3 /* firstApp */ = {
			isa = PBXNativeTarget;
			buildConfigurationList = 2DFA71A21ACB6297005E4DE3 /* Build configuration list for PBXNativeTarget "firstApp" */;
			buildPhases = (
				2DFA717F1ACB6297005E4DE3 /* Sources */,
				2DFA71801ACB6297005E4DE3 /* Frameworks */,
				2DFA71811ACB6297005E4DE3 /* Resources */,
			);
			buildRules = (
			);
			dependencies = (
			);
			name = firstApp;
			productName = firstApp;
			productReference = 2DFA71831ACB6297005E4DE3 /* firstApp.app */;
			productType = "com.apple.product-type.application";
		};
		2DFA71971ACB6297005E4DE3 /* firstAppTests */ = {
			isa = PBXNativeTarget;
			buildConfigurationList = 2DFA71A51ACB6297005E4DE3 /* Build configuration list for PBXNativeTarget "firstAppTests" */;
			buildPhases = (
				2DFA71941ACB6297005E4DE3 /* Sources */,
				2DFA71951ACB6297005E4DE3 /* Frameworks */,
				2DFA71961ACB6297005E4DE3 /* Resources */,
			);
			buildRules = (
			);
			dependencies = (
				2DFA719A1ACB6297005E4DE3 /* PBXTargetDependency */,
			);
			name = firstAppTests;
			productName = firstAppTests;
			productReference = 2DFA71981ACB6297005E4DE3 /* firstAppTests.xctest */;
			productType = "com.apple.product-type.bundle.unit-test";
		};
/* End PBXNativeTarget section */

/* Begin PBXProject section */
		2DFA717B1ACB6297005E4DE3 /* Project object */ = {
			isa = PBXProject;
			attributes = {
				LastSwiftUpdateCheck = 0720;
				LastUpgradeCheck = 0610;
				ORGANIZATIONNAME = Panacloud;
				TargetAttributes = {
					2DFA71821ACB6297005E4DE3 = {
						CreatedOnToolsVersion = 6.1;
					};
					2DFA71971ACB6297005E4DE3 = {
						CreatedOnToolsVersion = 6.1;
						TestTargetID = 2DFA71821ACB6297005E4DE3;
					};
				};
			};
			buildConfigurationList = 2DFA717E1ACB6297005E4DE3 /* Build configuration list for PBXProject "firstApp" */;
			compatibilityVersion = "Xcode 3.2";
			developmentRegion = English;
			hasScannedForEncodings = 0;
			knownRegions = (
				en,
				Base,
			);
			mainGroup = 2DFA717A1ACB6297005E4DE3;
			productRefGroup = 2DFA71841ACB6297005E4DE3 /* Products */;
			projectDirPath = "";
			projectRoot = "";
			targets = (
				2DFA71821ACB6297005E4DE3 /* firstApp */,
				2DFA71971ACB6297005E4DE3 /* firstAppTests */,
			);
		};
/* End PBXProject section */

/* Begin PBXResourcesBuildPhase section */
		2DFA71811ACB6297005E4DE3 /* Resources */ = {
			isa = PBXResourcesBuildPhase;
			buildActionMask = 2147483647;
			files = (
				2DEA4EEF1ACF803200BA87F5 /* userplay.png in Resources */,
				2DFA718E1ACB6297005E4DE3 /* Main.storyboard in Resources */,
				2DFA71931ACB6297005E4DE3 /* LaunchScreen.xib in Resources */,
				2DFA71901ACB6297005E4DE3 /* Images.xcassets in Resources */,
				2D0086411AD4BBF2000B9D89 /* Audio-Frequency-Icon.png in Resources */,
				2D00860F1AD4A459000B9D89 /* micicon.png in Resources */,
				2D00860D1AD4A43C000B9D89 /* addcontact.png in Resources */,
				2D0086111AD4A472000B9D89 /* uploaf.png in Resources */,
				2D00860B1AD4A41D000B9D89 /* actionicon.png in Resources */,
			);
			runOnlyForDeploymentPostprocessing = 0;
		};
		2DFA71961ACB6297005E4DE3 /* Resources */ = {
			isa = PBXResourcesBuildPhase;
			buildActionMask = 2147483647;
			files = (
			);
			runOnlyForDeploymentPostprocessing = 0;
		};
/* End PBXResourcesBuildPhase section */

/* Begin PBXSourcesBuildPhase section */
		2DFA717F1ACB6297005E4DE3 /* Sources */ = {
			isa = PBXSourcesBuildPhase;
			buildActionMask = 2147483647;
			files = (
				2DFA718B1ACB6297005E4DE3 /* ViewController.swift in Sources */,
				2DFA71891ACB6297005E4DE3 /* AppDelegate.swift in Sources */,
			);
			runOnlyForDeploymentPostprocessing = 0;
		};
		2DFA71941ACB6297005E4DE3 /* Sources */ = {
			isa = PBXSourcesBuildPhase;
			buildActionMask = 2147483647;
			files = (
				2DFA719F1ACB6297005E4DE3 /* firstAppTests.swift in Sources */,
			);
			runOnlyForDeploymentPostprocessing = 0;
		};
/* End PBXSourcesBuildPhase section */

/* Begin PBXTargetDependency section */
		2DFA719A1ACB6297005E4DE3 /* PBXTargetDependency */ = {
			isa = PBXTargetDependency;
			target = 2DFA71821ACB6297005E4DE3 /* firstApp */;
			targetProxy = 2DFA71991ACB6297005E4DE3 /* PBXContainerItemProxy */;
		};
/* End PBXTargetDependency section */

/* Begin PBXVariantGroup section */
		2DFA718C1ACB6297005E4DE3 /* Main.storyboard */ = {
			isa = PBXVariantGroup;
			children = (
				2DFA718D1ACB6297005E4DE3 /* Base */,
			);
			name = Main.storyboard;
			sourceTree = "<group>";
		};
		2DFA71911ACB6297005E4DE3 /* LaunchScreen.xib */ = {
			isa = PBXVariantGroup;
			children = (
				2DFA71921ACB6297005E4DE3 /* Base */,
			);
			name = LaunchScreen.xib;
			sourceTree = "<group>";
		};
/* End PBXVariantGroup section */

/* Begin XCBuildConfiguration section */
		2DFA71A01ACB6297005E4DE3 /* Debug */ = {
			isa = XCBuildConfiguration;
			buildSettings = {
				ALWAYS_SEARCH_USER_PATHS = NO;
				CLANG_CXX_LANGUAGE_STANDARD = "gnu++0x";
				CLANG_CXX_LIBRARY = "libc++";
				CLANG_ENABLE_MODULES = YES;
				CLANG_ENABLE_OBJC_ARC = YES;
				CLANG_WARN_BOOL_CONVERSION = YES;
				CLANG_WARN_CONSTANT_CONVERSION = YES;
				CLANG_WARN_DIRECT_OBJC_ISA_USAGE = YES_ERROR;
				CLANG_WARN_EMPTY_BODY = YES;
				CLANG_WARN_ENUM_CONVERSION = YES;
				CLANG_WARN_INT_CONVERSION = YES;
				CLANG_WARN_OBJC_ROOT_CLASS = YES_ERROR;
				CLANG_WARN_UNREACHABLE_CODE = YES;
				CLANG_WARN__DUPLICATE_METHOD_MATCH = YES;
				"CODE_SIGN_IDENTITY[sdk=iphoneos*]" = "iPhone Developer";
				COPY_PHASE_STRIP = NO;
				ENABLE_STRICT_OBJC_MSGSEND = YES;
				GCC_C_LANGUAGE_STANDARD = gnu99;
				GCC_DYNAMIC_NO_PIC = NO;
				GCC_OPTIMIZATION_LEVEL = 0;
				GCC_PREPROCESSOR_DEFINITIONS = (
					"DEBUG=1",
					"$(inherited)",
				);
				GCC_SYMBOLS_PRIVATE_EXTERN = NO;
				GCC_WARN_64_TO_32_BIT_CONVERSION = YES;
				GCC_WARN_ABOUT_RETURN_TYPE = YES_ERROR;
				GCC_WARN_UNDECLARED_SELECTOR = YES;
				GCC_WARN_UNINITIALIZED_AUTOS = YES_AGGRESSIVE;
				GCC_WARN_UNUSED_FUNCTION = YES;
				GCC_WARN_UNUSED_VARIABLE = YES;
				IPHONEOS_DEPLOYMENT_TARGET = 8.1;
				MTL_ENABLE_DEBUG_INFO = YES;
				ONLY_ACTIVE_ARCH = YES;
				SDKROOT = iphoneos;
				SWIFT_OPTIMIZATION_LEVEL = "-Onone";
			};
			name = Debug;
		};
		2DFA71A11ACB6297005E4DE3 /* Release */ = {
			isa = XCBuildConfiguration;
			buildSettings = {
				ALWAYS_SEARCH_USER_PATHS = NO;
				CLANG_CXX_LANGUAGE_STANDARD = "gnu++0x";
				CLANG_CXX_LIBRARY = "libc++";
				CLANG_ENABLE_MODULES = YES;
				CLANG_ENABLE_OBJC_ARC = YES;
				CLANG_WARN_BOOL_CONVERSION = YES;
				CLANG_WARN_CONSTANT_CONVERSION = YES;
				CLANG_WARN_DIRECT_OBJC_ISA_USAGE = YES_ERROR;
				CLANG_WARN_EMPTY_BODY = YES;
				CLANG_WARN_ENUM_CONVERSION = YES;
				CLANG_WARN_INT_CONVERSION = YES;
				CLANG_WARN_OBJC_ROOT_CLASS = YES_ERROR;
				CLANG_WARN_UNREACHABLE_CODE = YES;
				CLANG_WARN__DUPLICATE_METHOD_MATCH = YES;
				"CODE_SIGN_IDENTITY[sdk=iphoneos*]" = "iPhone Developer";
				COPY_PHASE_STRIP = YES;
				ENABLE_NS_ASSERTIONS = NO;
				ENABLE_STRICT_OBJC_MSGSEND = YES;
				GCC_C_LANGUAGE_STANDARD = gnu99;
				GCC_WARN_64_TO_32_BIT_CONVERSION = YES;
				GCC_WARN_ABOUT_RETURN_TYPE = YES_ERROR;
				GCC_WARN_UNDECLARED_SELECTOR = YES;
				GCC_WARN_UNINITIALIZED_AUTOS = YES_AGGRESSIVE;
				GCC_WARN_UNUSED_FUNCTION = YES;
				GCC_WARN_UNUSED_VARIABLE = YES;
				IPHONEOS_DEPLOYMENT_TARGET = 8.1;
				MTL_ENABLE_DEBUG_INFO = NO;
				SDKROOT = iphoneos;
				VALIDATE_PRODUCT = YES;
			};
			name = Release;
		};
		2DFA71A31ACB6297005E4DE3 /* Debug */ = {
			isa = XCBuildConfiguration;
			buildSettings = {
				ASSETCATALOG_COMPILER_APPICON_NAME = AppIcon;
				INFOPLIST_FILE = firstApp/Info.plist;
				IPHONEOS_DEPLOYMENT_TARGET = 8.0;
				LD_RUNPATH_SEARCH_PATHS = "$(inherited) @executable_path/Frameworks";
				PRODUCT_NAME = "$(TARGET_NAME)";
			};
			name = Debug;
		};
		2DFA71A41ACB6297005E4DE3 /* Release */ = {
			isa = XCBuildConfiguration;
			buildSettings = {
				ASSETCATALOG_COMPILER_APPICON_NAME = AppIcon;
				INFOPLIST_FILE = firstApp/Info.plist;
				IPHONEOS_DEPLOYMENT_TARGET = 8.0;
				LD_RUNPATH_SEARCH_PATHS = "$(inherited) @executable_path/Frameworks";
				PRODUCT_NAME = "$(TARGET_NAME)";
			};
			name = Release;
		};
		2DFA71A61ACB6297005E4DE3 /* Debug */ = {
			isa = XCBuildConfiguration;
			buildSettings = {
				BUNDLE_LOADER = "$(TEST_HOST)";
				FRAMEWORK_SEARCH_PATHS = (
					"$(SDKROOT)/Developer/Library/Frameworks",
					"$(inherited)",
				);
				GCC_PREPROCESSOR_DEFINITIONS = (
					"DEBUG=1",
					"$(inherited)",
				);
				INFOPLIST_FILE = firstAppTests/Info.plist;
				LD_RUNPATH_SEARCH_PATHS = "$(inherited) @executable_path/Frameworks @loader_path/Frameworks";
				PRODUCT_NAME = "$(TARGET_NAME)";
				TEST_HOST = "$(BUILT_PRODUCTS_DIR)/firstApp.app/firstApp";
			};
			name = Debug;
		};
		2DFA71A71ACB6297005E4DE3 /* Release */ = {
			isa = XCBuildConfiguration;
			buildSettings = {
				BUNDLE_LOADER = "$(TEST_HOST)";
				FRAMEWORK_SEARCH_PATHS = (
					"$(SDKROOT)/Developer/Library/Frameworks",
					"$(inherited)",
				);
				INFOPLIST_FILE = firstAppTests/Info.plist;
				LD_RUNPATH_SEARCH_PATHS = "$(inherited) @executable_path/Frameworks @loader_path/Frameworks";
				PRODUCT_NAME = "$(TARGET_NAME)";
				TEST_HOST = "$(BUILT_PRODUCTS_DIR)/firstApp.app/firstApp";
			};
			name = Release;
		};
/* End XCBuildConfiguration section */

/* Begin XCConfigurationList section */
		2DFA717E1ACB6297005E4DE3 /* Build configuration list for PBXProject "firstApp" */ = {
			isa = XCConfigurationList;
			buildConfigurations = (
				2DFA71A01ACB6297005E4DE3 /* Debug */,
				2DFA71A11ACB6297005E4DE3 /* Release */,
			);
			defaultConfigurationIsVisible = 0;
			defaultConfigurationName = Release;
		};
		2DFA71A21ACB6297005E4DE3 /* Build configuration list for PBXNativeTarget "firstApp" */ = {
			isa = XCConfigurationList;
			buildConfigurations = (
				2DFA71A31ACB6297005E4DE3 /* Debug */,
				2DFA71A41ACB6297005E4DE3 /* Release */,
			);
			defaultConfigurationIsVisible = 0;
			defaultConfigurationName = Release;
		};
		2DFA71A51ACB6297005E4DE3 /* Build configuration list for PBXNativeTarget "firstAppTests" */ = {
			isa = XCConfigurationList;
			buildConfigurations = (
				2DFA71A61ACB6297005E4DE3 /* Debug */,
				2DFA71A71ACB6297005E4DE3 /* Release */,
			);
			defaultConfigurationIsVisible = 0;
			defaultConfigurationName = Release;
		};
/* End XCConfigurationList section */
	};
	rootObject = 2DFA717B1ACB6297005E4DE3 /* Project object */;
}
